
Microsoft Visual Studio Solution File, Format Version 12.00
Project("{FAE04EC0-301F-11D3-BF4B-00C04F79EFBC}") = "unit converter", "unit converter\unit converter.csproj", "{22F64133-6452-4D64-8198-FFE24F63798B}"
EndProject
Global
	GlobalSection(SolutionConfigurationPlatforms) = preSolution
		Debug|Any CPU = Debug|Any CPU
		Release|Any CPU = Release|Any CPU
	EndGlobalSection
	GlobalSection(ProjectConfigurationPlatforms) = postSolution
		{22F64133-6452-4D64-8198-FFE24F63798B}.Debug|Any CPU.ActiveCfg = Debug|Any CPU
		{22F64133-6452-4D64-8198-FFE24F63798B}.Debug|Any CPU.Build.0 = Debug|Any CPU
		{22F64133-6452-4D64-8198-FFE24F63798B}.Release|Any CPU.ActiveCfg = Release|Any CPU
		{22F64133-6452-4D64-8198-FFE24F63798B}.Release|Any CPU.Build.0 = Release|Any CPU
	EndGlobalSection
EndGlobal
